// !$*UTF8*$!
{
	archiveVersion = 1;
	classes = {
	};
	objectVersion = 46;
	objects = {

/* Begin PBXBuildFile section */
		AC46B8091DC9724600677363 /* main.m in Sources */ = {isa = PBXBuildFile; fileRef = AC46B8081DC9724600677363 /* main.m */; };
		AC46B80C1DC9724600677363 /* AppDelegate.m in Sources */ = {isa = PBXBuildFile; fileRef = AC46B80B1DC9724600677363 /* AppDelegate.m */; };
		AC46B80F1DC9724600677363 /* ViewController.m in Sources */ = {isa = PBXBuildFile; fileRef = AC46B80E1DC9724600677363 /* ViewController.m */; };
		AC46B8121DC9724600677363 /* Main.storyboard in Resources */ = {isa = PBXBuildFile; fileRef = AC46B8101DC9724600677363 /* Main.storyboard */; };
		AC46B8141DC9724600677363 /* Assets.xcassets in Resources */ = {isa = PBXBuildFile; fileRef = AC46B8131DC9724600677363 /* Assets.xcassets */; };
		AC46B8171DC9724600677363 /* LaunchScreen.storyboard in Resources */ = {isa = PBXBuildFile; fileRef = AC46B8151DC9724600677363 /* LaunchScreen.storyboard */; };
		AC46B8381DC9727700677363 /* FMDatabase.m in Sources */ = {isa = PBXBuildFile; fileRef = AC46B8201DC9727700677363 /* FMDatabase.m */; };
		AC46B8391DC9727700677363 /* FMDatabaseAdditions.m in Sources */ = {isa = PBXBuildFile; fileRef = AC46B8221DC9727700677363 /* FMDatabaseAdditions.m */; };
		AC46B83A1DC9727700677363 /* FMDatabasePool.m in Sources */ = {isa = PBXBuildFile; fileRef = AC46B8241DC9727700677363 /* FMDatabasePool.m */; };
		AC46B83B1DC9727700677363 /* FMDatabaseQueue.m in Sources */ = {isa = PBXBuildFile; fileRef = AC46B8261DC9727700677363 /* FMDatabaseQueue.m */; };
		AC46B83C1DC9727700677363 /* FMResultSet.m in Sources */ = {isa = PBXBuildFile; fileRef = AC46B8291DC9727700677363 /* FMResultSet.m */; };
		AC46B83D1DC9727700677363 /* Info.plist in Resources */ = {isa = PBXBuildFile; fileRef = AC46B82A1DC9727700677363 /* Info.plist */; };
		AC46B83E1DC9727700677363 /* YHCommentData.m in Sources */ = {isa = PBXBuildFile; fileRef = AC46B82D1DC9727700677363 /* YHCommentData.m */; };
		AC46B83F1DC9727700677363 /* YHEducationExperienceModel.m in Sources */ = {isa = PBXBuildFile; fileRef = AC46B82F1DC9727700677363 /* YHEducationExperienceModel.m */; };
		AC46B8401DC9727700677363 /* YHUserInfo.m in Sources */ = {isa = PBXBuildFile; fileRef = AC46B8311DC9727700677363 /* YHUserInfo.m */; };
		AC46B8411DC9727700677363 /* YHUserSetting.m in Sources */ = {isa = PBXBuildFile; fileRef = AC46B8331DC9727700677363 /* YHUserSetting.m */; };
		AC46B8421DC9727700677363 /* YHWorkExperienceModel.m in Sources */ = {isa = PBXBuildFile; fileRef = AC46B8351DC9727700677363 /* YHWorkExperienceModel.m */; };
		AC46B8431DC9727700677363 /* YHWorkGroup.m in Sources */ = {isa = PBXBuildFile; fileRef = AC46B8371DC9727700677363 /* YHWorkGroup.m */; };
		AC46B8461DC972B400677363 /* SqliteManager.m in Sources */ = {isa = PBXBuildFile; fileRef = AC46B8451DC972B400677363 /* SqliteManager.m */; };
		AC46B8491DC9738D00677363 /* libsqlite3.tbd in Frameworks */ = {isa = PBXBuildFile; fileRef = AC46B8481DC9738D00677363 /* libsqlite3.tbd */; };
/* End PBXBuildFile section */

/* Begin PBXFileReference section */
		AC46B8041DC9724600677363 /* FMDBDemo.app */ = {isa = PBXFileReference; explicitFileType = wrapper.application; includeInIndex = 0; path = FMDBDemo.app; sourceTree = BUILT_PRODUCTS_DIR; };
		AC46B8081DC9724600677363 /* main.m */ = {isa = PBXFileReference; lastKnownFileType = sourcecode.c.objc; path = main.m; sourceTree = "<group>"; };
		AC46B80A1DC9724600677363 /* AppDelegate.h */ = {isa = PBXFileReference; lastKnownFileType = sourcecode.c.h; path = AppDelegate.h; sourceTree = "<group>"; };
		AC46B80B1DC9724600677363 /* AppDelegate.m */ = {isa = PBXFileReference; lastKnownFileType = sourcecode.c.objc; path = AppDelegate.m; sourceTree = "<group>"; };
		AC46B80D1DC9724600677363 /* ViewController.h */ = {isa = PBXFileReference; lastKnownFileType = sourcecode.c.h; path = ViewController.h; sourceTree = "<group>"; };
		AC46B80E1DC9724600677363 /* ViewController.m */ = {isa = PBXFileReference; lastKnownFileType = sourcecode.c.objc; path = ViewController.m; sourceTree = "<group>"; };
		AC46B8111DC9724600677363 /* Base */ = {isa = PBXFileReference; lastKnownFileType = file.storyboard; name = Base; path = Base.lproj/Main.storyboard; sourceTree = "<group>"; };
		AC46B8131DC9724600677363 /* Assets.xcassets */ = {isa = PBXFileReference; lastKnownFileType = folder.assetcatalog; path = Assets.xcassets; sourceTree = "<group>"; };
		AC46B8161DC9724600677363 /* Base */ = {isa = PBXFileReference; lastKnownFileType = file.storyboard; name = Base; path = Base.lproj/LaunchScreen.storyboard; sourceTree = "<group>"; };
		AC46B8181DC9724600677363 /* Info.plist */ = {isa = PBXFileReference; lastKnownFileType = text.plist.xml; path = Info.plist; sourceTree = "<group>"; };
		AC46B81F1DC9727700677363 /* FMDatabase.h */ = {isa = PBXFileReference; fileEncoding = 4; lastKnownFileType = sourcecode.c.h; path = FMDatabase.h; sourceTree = "<group>"; };
		AC46B8201DC9727700677363 /* FMDatabase.m */ = {isa = PBXFileReference; fileEncoding = 4; lastKnownFileType = sourcecode.c.objc; path = FMDatabase.m; sourceTree = "<group>"; };
		AC46B8211DC9727700677363 /* FMDatabaseAdditions.h */ = {isa = PBXFileReference; fileEncoding = 4; lastKnownFileType = sourcecode.c.h; path = FMDatabaseAdditions.h; sourceTree = "<group>"; };
		AC46B8221DC9727700677363 /* FMDatabaseAdditions.m */ = {isa = PBXFileReference; fileEncoding = 4; lastKnownFileType = sourcecode.c.objc; path = FMDatabaseAdditions.m; sourceTree = "<group>"; };
		AC46B8231DC9727700677363 /* FMDatabasePool.h */ = {isa = PBXFileReference; fileEncoding = 4; lastKnownFileType = sourcecode.c.h; path = FMDatabasePool.h; sourceTree = "<group>"; };
		AC46B8241DC9727700677363 /* FMDatabasePool.m */ = {isa = PBXFileReference; fileEncoding = 4; lastKnownFileType = sourcecode.c.objc; path = FMDatabasePool.m; sourceTree = "<group>"; };
		AC46B8251DC9727700677363 /* FMDatabaseQueue.h */ = {isa = PBXFileReference; fileEncoding = 4; lastKnownFileType = sourcecode.c.h; path = FMDatabaseQueue.h; sourceTree = "<group>"; };
		AC46B8261DC9727700677363 /* FMDatabaseQueue.m */ = {isa = PBXFileReference; fileEncoding = 4; lastKnownFileType = sourcecode.c.objc; path = FMDatabaseQueue.m; sourceTree = "<group>"; };
		AC46B8271DC9727700677363 /* FMDB.h */ = {isa = PBXFileReference; fileEncoding = 4; lastKnownFileType = sourcecode.c.h; path = FMDB.h; sourceTree = "<group>"; };
		AC46B8281DC9727700677363 /* FMResultSet.h */ = {isa = PBXFileReference; fileEncoding = 4; lastKnownFileType = sourcecode.c.h; path = FMResultSet.h; sourceTree = "<group>"; };
		AC46B8291DC9727700677363 /* FMResultSet.m */ = {isa = PBXFileReference; fileEncoding = 4; lastKnownFileType = sourcecode.c.objc; path = FMResultSet.m; sourceTree = "<group>"; };
		AC46B82A1DC9727700677363 /* Info.plist */ = {isa = PBXFileReference; fileEncoding = 4; lastKnownFileType = text.plist.xml; path = Info.plist; sourceTree = "<group>"; };
		AC46B82C1DC9727700677363 /* YHCommentData.h */ = {isa = PBXFileReference; fileEncoding = 4; lastKnownFileType = sourcecode.c.h; path = YHCommentData.h; sourceTree = "<group>"; };
		AC46B82D1DC9727700677363 /* YHCommentData.m */ = {isa = PBXFileReference; fileEncoding = 4; lastKnownFileType = sourcecode.c.objc; path = YHCommentData.m; sourceTree = "<group>"; };
		AC46B82E1DC9727700677363 /* YHEducationExperienceModel.h */ = {isa = PBXFileReference; fileEncoding = 4; lastKnownFileType = sourcecode.c.h; path = YHEducationExperienceModel.h; sourceTree = "<group>"; };
		AC46B82F1DC9727700677363 /* YHEducationExperienceModel.m */ = {isa = PBXFileReference; fileEncoding = 4; lastKnownFileType = sourcecode.c.objc; path = YHEducationExperienceModel.m; sourceTree = "<group>"; };
		AC46B8301DC9727700677363 /* YHUserInfo.h */ = {isa = PBXFileReference; fileEncoding = 4; lastKnownFileType = sourcecode.c.h; path = YHUserInfo.h; sourceTree = "<group>"; };
		AC46B8311DC9727700677363 /* YHUserInfo.m */ = {isa = PBXFileReference; fileEncoding = 4; lastKnownFileType = sourcecode.c.objc; path = YHUserInfo.m; sourceTree = "<group>"; };
		AC46B8321DC9727700677363 /* YHUserSetting.h */ = {isa = PBXFileReference; fileEncoding = 4; lastKnownFileType = sourcecode.c.h; path = YHUserSetting.h; sourceTree = "<group>"; };
		AC46B8331DC9727700677363 /* YHUserSetting.m */ = {isa = PBXFileReference; fileEncoding = 4; lastKnownFileType = sourcecode.c.objc; path = YHUserSetting.m; sourceTree = "<group>"; };
		AC46B8341DC9727700677363 /* YHWorkExperienceModel.h */ = {isa = PBXFileReference; fileEncoding = 4; lastKnownFileType = sourcecode.c.h; path = YHWorkExperienceModel.h; sourceTree = "<group>"; };
		AC46B8351DC9727700677363 /* YHWorkExperienceModel.m */ = {isa = PBXFileReference; fileEncoding = 4; lastKnownFileType = sourcecode.c.objc; path = YHWorkExperienceModel.m; sourceTree = "<group>"; };
		AC46B8361DC9727700677363 /* YHWorkGroup.h */ = {isa = PBXFileReference; fileEncoding = 4; lastKnownFileType = sourcecode.c.h; path = YHWorkGroup.h; sourceTree = "<group>"; };
		AC46B8371DC9727700677363 /* YHWorkGroup.m */ = {isa = PBXFileReference; fileEncoding = 4; lastKnownFileType = sourcecode.c.objc; path = YHWorkGroup.m; sourceTree = "<group>"; };
		AC46B8441DC972B400677363 /* SqliteManager.h */ = {isa = PBXFileReference; fileEncoding = 4; lastKnownFileType = sourcecode.c.h; path = SqliteManager.h; sourceTree = "<group>"; };
		AC46B8451DC972B400677363 /* SqliteManager.m */ = {isa = PBXFileReference; fileEncoding = 4; lastKnownFileType = sourcecode.c.objc; path = SqliteManager.m; sourceTree = "<group>"; };
		AC46B8481DC9738D00677363 /* libsqlite3.tbd */ = {isa = PBXFileReference; lastKnownFileType = "sourcecode.text-based-dylib-definition"; name = libsqlite3.tbd; path = usr/lib/libsqlite3.tbd; sourceTree = SDKROOT; };
/* End PBXFileReference section */

/* Begin PBXFrameworksBuildPhase section */
		AC46B8011DC9724600677363 /* Frameworks */ = {
			isa = PBXFrameworksBuildPhase;
			buildActionMask = 2147483647;
			files = (
				AC46B8491DC9738D00677363 /* libsqlite3.tbd in Frameworks */,
			);
			runOnlyForDeploymentPostprocessing = 0;
		};
/* End PBXFrameworksBuildPhase section */

/* Begin PBXGroup section */
		AC46B7FB1DC9724600677363 = {
			isa = PBXGroup;
			children = (
				AC46B8061DC9724600677363 /* FMDBDemo */,
				AC46B8051DC9724600677363 /* Products */,
				AC46B8471DC9738D00677363 /* Frameworks */,
			);
			sourceTree = "<group>";
		};
		AC46B8051DC9724600677363 /* Products */ = {
			isa = PBXGroup;
			children = (
				AC46B8041DC9724600677363 /* FMDBDemo.app */,
			);
			name = Products;
			sourceTree = "<group>";
		};
		AC46B8061DC9724600677363 /* FMDBDemo */ = {
			isa = PBXGroup;
			children = (
				AC46B80A1DC9724600677363 /* AppDelegate.h */,
				AC46B80B1DC9724600677363 /* AppDelegate.m */,
				AC46B80D1DC9724600677363 /* ViewController.h */,
				AC46B80E1DC9724600677363 /* ViewController.m */,
				AC46B8441DC972B400677363 /* SqliteManager.h */,
				AC46B8451DC972B400677363 /* SqliteManager.m */,
				AC46B8101DC9724600677363 /* Main.storyboard */,
				AC46B8131DC9724600677363 /* Assets.xcassets */,
				AC46B8151DC9724600677363 /* LaunchScreen.storyboard */,
				AC46B8181DC9724600677363 /* Info.plist */,
				AC46B81E1DC9727700677363 /* fmdb */,
				AC46B82B1DC9727700677363 /* Model */,
				AC46B8071DC9724600677363 /* Supporting Files */,
			);
			path = FMDBDemo;
			sourceTree = "<group>";
		};
		AC46B8071DC9724600677363 /* Supporting Files */ = {
			isa = PBXGroup;
			children = (
				AC46B8081DC9724600677363 /* main.m */,
			);
			name = "Supporting Files";
			sourceTree = "<group>";
		};
		AC46B81E1DC9727700677363 /* fmdb */ = {
			isa = PBXGroup;
			children = (
				AC46B81F1DC9727700677363 /* FMDatabase.h */,
				AC46B8201DC9727700677363 /* FMDatabase.m */,
				AC46B8211DC9727700677363 /* FMDatabaseAdditions.h */,
				AC46B8221DC9727700677363 /* FMDatabaseAdditions.m */,
				AC46B8231DC9727700677363 /* FMDatabasePool.h */,
				AC46B8241DC9727700677363 /* FMDatabasePool.m */,
				AC46B8251DC9727700677363 /* FMDatabaseQueue.h */,
				AC46B8261DC9727700677363 /* FMDatabaseQueue.m */,
				AC46B8271DC9727700677363 /* FMDB.h */,
				AC46B8281DC9727700677363 /* FMResultSet.h */,
				AC46B8291DC9727700677363 /* FMResultSet.m */,
				AC46B82A1DC9727700677363 /* Info.plist */,
			);
			path = fmdb;
			sourceTree = "<group>";
		};
		AC46B82B1DC9727700677363 /* Model */ = {
			isa = PBXGroup;
			children = (
				AC46B82C1DC9727700677363 /* YHCommentData.h */,
				AC46B82D1DC9727700677363 /* YHCommentData.m */,
				AC46B82E1DC9727700677363 /* YHEducationExperienceModel.h */,
				AC46B82F1DC9727700677363 /* YHEducationExperienceModel.m */,
				AC46B8301DC9727700677363 /* YHUserInfo.h */,
				AC46B8311DC9727700677363 /* YHUserInfo.m */,
				AC46B8321DC9727700677363 /* YHUserSetting.h */,
				AC46B8331DC9727700677363 /* YHUserSetting.m */,
				AC46B8341DC9727700677363 /* YHWorkExperienceModel.h */,
				AC46B8351DC9727700677363 /* YHWorkExperienceModel.m */,
				AC46B8361DC9727700677363 /* YHWorkGroup.h */,
				AC46B8371DC9727700677363 /* YHWorkGroup.m */,
			);
			path = Model;
			sourceTree = "<group>";
		};
		AC46B8471DC9738D00677363 /* Frameworks */ = {
			isa = PBXGroup;
			children = (
				AC46B8481DC9738D00677363 /* libsqlite3.tbd */,
			);
			name = Frameworks;
			sourceTree = "<group>";
		};
/* End PBXGroup section */

/* Begin PBXNativeTarget section */
		AC46B8031DC9724600677363 /* FMDBDemo */ = {
			isa = PBXNativeTarget;
			buildConfigurationList = AC46B81B1DC9724600677363 /* Build configuration list for PBXNativeTarget "FMDBDemo" */;
			buildPhases = (
				AC46B8001DC9724600677363 /* Sources */,
				AC46B8011DC9724600677363 /* Frameworks */,
				AC46B8021DC9724600677363 /* Resources */,
			);
			buildRules = (
			);
			dependencies = (
			);
			name = FMDBDemo;
			productName = FMDBDemo;
			productReference = AC46B8041DC9724600677363 /* FMDBDemo.app */;
			productType = "com.apple.product-type.application";
		};
/* End PBXNativeTarget section */

/* Begin PBXProject section */
		AC46B7FC1DC9724600677363 /* Project object */ = {
			isa = PBXProject;
			attributes = {
				LastUpgradeCheck = 0810;
				ORGANIZATIONNAME = YHSoft;
				TargetAttributes = {
					AC46B8031DC9724600677363 = {
						CreatedOnToolsVersion = 8.1;
						ProvisioningStyle = Automatic;
					};
				};
			};
			buildConfigurationList = AC46B7FF1DC9724600677363 /* Build configuration list for PBXProject "FMDBDemo" */;
			compatibilityVersion = "Xcode 3.2";
			developmentRegion = English;
			hasScannedForEncodings = 0;
			knownRegions = (
				en,
				Base,
			);
			mainGroup = AC46B7FB1DC9724600677363;
			productRefGroup = AC46B8051DC9724600677363 /* Products */;
			projectDirPath = "";
			projectRoot = "";
			targets = (
				AC46B8031DC9724600677363 /* FMDBDemo */,
			);
		};
/* End PBXProject section */

/* Begin PBXResourcesBuildPhase section */
		AC46B8021DC9724600677363 /* Resources */ = {
			isa = PBXResourcesBuildPhase;
			buildActionMask = 2147483647;
			files = (
				AC46B83D1DC9727700677363 /* Info.plist in Resources */,
				AC46B8171DC9724600677363 /* LaunchScreen.storyboard in Resources */,
				AC46B8141DC9724600677363 /* Assets.xcassets in Resources */,
				AC46B8121DC9724600677363 /* Main.storyboard in Resources */,
			);
			runOnlyForDeploymentPostprocessing = 0;
		};
/* End PBXResourcesBuildPhase section */

/* Begin PBXSourcesBuildPhase section */
		AC46B8001DC9724600677363 /* Sources */ = {
			isa = PBXSourcesBuildPhase;
			buildActionMask = 2147483647;
			files = (
				AC46B80F1DC9724600677363 /* ViewController.m in Sources */,
				AC46B8461DC972B400677363 /* SqliteManager.m in Sources */,
				AC46B8431DC9727700677363 /* YHWorkGroup.m in Sources */,
				AC46B83F1DC9727700677363 /* YHEducationExperienceModel.m in Sources */,
				AC46B8401DC9727700677363 /* YHUserInfo.m in Sources */,
				AC46B83A1DC9727700677363 /* FMDatabasePool.m in Sources */,
				AC46B8411DC9727700677363 /* YHUserSetting.m in Sources */,
				AC46B83E1DC9727700677363 /* YHCommentData.m in Sources */,
				AC46B80C1DC9724600677363 /* AppDelegate.m in Sources */,
				AC46B8421DC9727700677363 /* YHWorkExperienceModel.m in Sources */,
				AC46B83B1DC9727700677363 /* FMDatabaseQueue.m in Sources */,
				AC46B8091DC9724600677363 /* main.m in Sources */,
				AC46B8381DC9727700677363 /* FMDatabase.m in Sources */,
				AC46B83C1DC9727700677363 /* FMResultSet.m in Sources */,
				AC46B8391DC9727700677363 /* FMDatabaseAdditions.m in Sources */,
			);
			runOnlyForDeploymentPostprocessing = 0;
		};
/* End PBXSourcesBuildPhase section */

/* Begin PBXVariantGroup section */
		AC46B8101DC9724600677363 /* Main.storyboard */ = {
			isa = PBXVariantGroup;
			children = (
				AC46B8111DC9724600677363 /* Base */,
			);
			name = Main.storyboard;
			sourceTree = "<group>";
		};
		AC46B8151DC9724600677363 /* LaunchScreen.storyboard */ = {
			isa = PBXVariantGroup;
			children = (
				AC46B8161DC9724600677363 /* Base */,
			);
			name = LaunchScreen.storyboard;
			sourceTree = "<group>";
		};
/* End PBXVariantGroup section */

/* Begin XCBuildConfiguration section */
		AC46B8191DC9724600677363 /* Debug */ = {
			isa = XCBuildConfiguration;
			buildSettings = {
				ALWAYS_SEARCH_USER_PATHS = NO;
				CLANG_ANALYZER_NONNULL = YES;
				CLANG_CXX_LANGUAGE_STANDARD = "gnu++0x";
				CLANG_CXX_LIBRARY = "libc++";
				CLANG_ENABLE_MODULES = YES;
				CLANG_ENABLE_OBJC_ARC = YES;
				CLANG_WARN_BOOL_CONVERSION = YES;
				CLANG_WARN_CONSTANT_CONVERSION = YES;
				CLANG_WARN_DIRECT_OBJC_ISA_USAGE = YES_ERROR;
				CLANG_WARN_DOCUMENTATION_COMMENTS = YES;
				CLANG_WARN_EMPTY_BODY = YES;
				CLANG_WARN_ENUM_CONVERSION = YES;
				CLANG_WARN_INFINITE_RECURSION = YES;
				CLANG_WARN_INT_CONVERSION = YES;
				CLANG_WARN_OBJC_ROOT_CLASS = YES_ERROR;
				CLANG_WARN_SUSPICIOUS_MOVES = YES;
				CLANG_WARN_UNREACHABLE_CODE = YES;
				CLANG_WARN__DUPLICATE_METHOD_MATCH = YES;
				"CODE_SIGN_IDENTITY[sdk=iphoneos*]" = "iPhone Developer";
				COPY_PHASE_STRIP = NO;
				DEBUG_INFORMATION_FORMAT = dwarf;
				ENABLE_STRICT_OBJC_MSGSEND = YES;
				ENABLE_TESTABILITY = YES;
				GCC_C_LANGUAGE_STANDARD = gnu99;
				GCC_DYNAMIC_NO_PIC = NO;
				GCC_NO_COMMON_BLOCKS = YES;
				GCC_OPTIMIZATION_LEVEL = 0;
				GCC_PREPROCESSOR_DEFINITIONS = (
					"DEBUG=1",
					"$(inherited)",
				);
				GCC_WARN_64_TO_32_BIT_CONVERSION = YES;
				GCC_WARN_ABOUT_RETURN_TYPE = YES_ERROR;
				GCC_WARN_UNDECLARED_SELECTOR = YES;
				GCC_WARN_UNINITIALIZED_AUTOS = YES_AGGRESSIVE;
				GCC_WARN_UNUSED_FUNCTION = YES;
				GCC_WARN_UNUSED_VARIABLE = YES;
				IPHONEOS_DEPLOYMENT_TARGET = 10.1;
				MTL_ENABLE_DEBUG_INFO = YES;
				ONLY_ACTIVE_ARCH = YES;
				SDKROOT = iphoneos;
				TARGETED_DEVICE_FAMILY = "1,2";
			};
			name = Debug;
		};
		AC46B81A1DC9724600677363 /* Release */ = {
			isa = XCBuildConfiguration;
			buildSettings = {
				ALWAYS_SEARCH_USER_PATHS = NO;
				CLANG_ANALYZER_NONNULL = YES;
				CLANG_CXX_LANGUAGE_STANDARD = "gnu++0x";
				CLANG_CXX_LIBRARY = "libc++";
				CLANG_ENABLE_MODULES = YES;
				CLANG_ENABLE_OBJC_ARC = YES;
				CLANG_WARN_BOOL_CONVERSION = YES;
				CLANG_WARN_CONSTANT_CONVERSION = YES;
				CLANG_WARN_DIRECT_OBJC_ISA_USAGE = YES_ERROR;
				CLANG_WARN_DOCUMENTATION_COMMENTS = YES;
				CLANG_WARN_EMPTY_BODY = YES;
				CLANG_WARN_ENUM_CONVERSION = YES;
				CLANG_WARN_INFINITE_RECURSION = YES;
				CLANG_WARN_INT_CONVERSION = YES;
				CLANG_WARN_OBJC_ROOT_CLASS = YES_ERROR;
				CLANG_WARN_SUSPICIOUS_MOVES = YES;
				CLANG_WARN_UNREACHABLE_CODE = YES;
				CLANG_WARN__DUPLICATE_METHOD_MATCH = YES;
				"CODE_SIGN_IDENTITY[sdk=iphoneos*]" = "iPhone Developer";
				COPY_PHASE_STRIP = NO;
				DEBUG_INFORMATION_FORMAT = "dwarf-with-dsym";
				ENABLE_NS_ASSERTIONS = NO;
				ENABLE_STRICT_OBJC_MSGSEND = YES;
				GCC_C_LANGUAGE_STANDARD = gnu99;
				GCC_NO_COMMON_BLOCKS = YES;
				GCC_WARN_64_TO_32_BIT_CONVERSION = YES;
				GCC_WARN_ABOUT_RETURN_TYPE = YES_ERROR;
				GCC_WARN_UNDECLARED_SELECTOR = YES;
				GCC_WARN_UNINITIALIZED_AUTOS = YES_AGGRESSIVE;
				GCC_WARN_UNUSED_FUNCTION = YES;
				GCC_WARN_UNUSED_VARIABLE = YES;
				IPHONEOS_DEPLOYMENT_TARGET = 10.1;
				MTL_ENABLE_DEBUG_INFO = NO;
				SDKROOT = iphoneos;
				TARGETED_DEVICE_FAMILY = "1,2";
				VALIDATE_PRODUCT = YES;
			};
			name = Release;
		};
		AC46B81C1DC9724600677363 /* Debug */ = {
			isa = XCBuildConfiguration;
			buildSettings = {
				ASSETCATALOG_COMPILER_APPICON_NAME = AppIcon;
				INFOPLIST_FILE = FMDBDemo/Info.plist;
				LD_RUNPATH_SEARCH_PATHS = "$(inherited) @executable_path/Frameworks";
				PRODUCT_BUNDLE_IDENTIFIER = HKP.FMDBDemo;
				PRODUCT_NAME = "$(TARGET_NAME)";
			};
			name = Debug;
		};
		AC46B81D1DC9724600677363 /* Release */ = {
			isa = XCBuildConfiguration;
			buildSettings = {
				ASSETCATALOG_COMPILER_APPICON_NAME = AppIcon;
				INFOPLIST_FILE = FMDBDemo/Info.plist;
				LD_RUNPATH_SEARCH_PATHS = "$(inherited) @executable_path/Frameworks";
				PRODUCT_BUNDLE_IDENTIFIER = HKP.FMDBDemo;
				PRODUCT_NAME = "$(TARGET_NAME)";
			};
			name = Release;
		};
/* End XCBuildConfiguration section */

/* Begin XCConfigurationList section */
		AC46B7FF1DC9724600677363 /* Build configuration list for PBXProject "FMDBDemo" */ = {
			isa = XCConfigurationList;
			buildConfigurations = (
				AC46B8191DC9724600677363 /* Debug */,
				AC46B81A1DC9724600677363 /* Release */,
			);
			defaultConfigurationIsVisible = 0;
			defaultConfigurationName = Release;
		};
		AC46B81B1DC9724600677363 /* Build configuration list for PBXNativeTarget "FMDBDemo" */ = {
			isa = XCConfigurationList;
			buildConfigurations = (
				AC46B81C1DC9724600677363 /* Debug */,
				AC46B81D1DC9724600677363 /* Release */,
			);
			defaultConfigurationIsVisible = 0;
		};
/* End XCConfigurationList section */
	};
	rootObject = AC46B7FC1DC9724600677363 /* Project object */;
}
